// !$*UTF8*$!
{
	archiveVersion = 1;
	classes = {
	};
	objectVersion = 46;
	objects = {

/* Begin PBXBuildFile section */
		D60E53C61CD33C0600FE940E /* SettingsViewController.swift in Sources */ = {isa = PBXBuildFile; fileRef = D60E53C51CD33C0600FE940E /* SettingsViewController.swift */; };
		D623C9871CD53F66006FD3DC /* FlashCardViewController.swift in Sources */ = {isa = PBXBuildFile; fileRef = D623C9861CD53F66006FD3DC /* FlashCardViewController.swift */; };
		D64A3B6D1CD1D9EB0096CF62 /* AppDelegate.swift in Sources */ = {isa = PBXBuildFile; fileRef = D64A3B6C1CD1D9EB0096CF62 /* AppDelegate.swift */; };
		D64A3B6F1CD1D9EB0096CF62 /* QuizViewController.swift in Sources */ = {isa = PBXBuildFile; fileRef = D64A3B6E1CD1D9EB0096CF62 /* QuizViewController.swift */; };
		D64A3B721CD1D9EB0096CF62 /* Main.storyboard in Resources */ = {isa = PBXBuildFile; fileRef = D64A3B701CD1D9EB0096CF62 /* Main.storyboard */; };
		D64A3B751CD1D9EB0096CF62 /* GRE.xcdatamodeld in Sources */ = {isa = PBXBuildFile; fileRef = D64A3B731CD1D9EB0096CF62 /* GRE.xcdatamodeld */; };
		D64A3B771CD1D9EB0096CF62 /* Assets.xcassets in Resources */ = {isa = PBXBuildFile; fileRef = D64A3B761CD1D9EB0096CF62 /* Assets.xcassets */; };
		D64A3B7A1CD1D9EB0096CF62 /* LaunchScreen.storyboard in Resources */ = {isa = PBXBuildFile; fileRef = D64A3B781CD1D9EB0096CF62 /* LaunchScreen.storyboard */; };
		D64A3B851CD1D9EB0096CF62 /* GRETests.swift in Sources */ = {isa = PBXBuildFile; fileRef = D64A3B841CD1D9EB0096CF62 /* GRETests.swift */; };
		D64A3B901CD1D9EB0096CF62 /* GREUITests.swift in Sources */ = {isa = PBXBuildFile; fileRef = D64A3B8F1CD1D9EB0096CF62 /* GREUITests.swift */; };
		D6C0D5F11CD3A295008E0348 /* Model.swift in Sources */ = {isa = PBXBuildFile; fileRef = D6C0D5F01CD3A295008E0348 /* Model.swift */; };
		D6C0D5F31CD45A76008E0348 /* Questions.txt in Resources */ = {isa = PBXBuildFile; fileRef = D6C0D5F21CD45A76008E0348 /* Questions.txt */; };
/* End PBXBuildFile section */

/* Begin PBXContainerItemProxy section */
		D64A3B811CD1D9EB0096CF62 /* PBXContainerItemProxy */ = {
			isa = PBXContainerItemProxy;
			containerPortal = D64A3B611CD1D9EA0096CF62 /* Project object */;
			proxyType = 1;
			remoteGlobalIDString = D64A3B681CD1D9EB0096CF62;
			remoteInfo = GRE;
		};
		D64A3B8C1CD1D9EB0096CF62 /* PBXContainerItemProxy */ = {
			isa = PBXContainerItemProxy;
			containerPortal = D64A3B611CD1D9EA0096CF62 /* Project object */;
			proxyType = 1;
			remoteGlobalIDString = D64A3B681CD1D9EB0096CF62;
			remoteInfo = GRE;
		};
/* End PBXContainerItemProxy section */

/* Begin PBXFileReference section */
		D60E53C51CD33C0600FE940E /* SettingsViewController.swift */ = {isa = PBXFileReference; fileEncoding = 4; lastKnownFileType = sourcecode.swift; path = SettingsViewController.swift; sourceTree = "<group>"; };
		D623C9861CD53F66006FD3DC /* FlashCardViewController.swift */ = {isa = PBXFileReference; fileEncoding = 4; lastKnownFileType = sourcecode.swift; path = FlashCardViewController.swift; sourceTree = "<group>"; };
		D64A3B691CD1D9EB0096CF62 /* GRE.app */ = {isa = PBXFileReference; explicitFileType = wrapper.application; includeInIndex = 0; path = GRE.app; sourceTree = BUILT_PRODUCTS_DIR; };
		D64A3B6C1CD1D9EB0096CF62 /* AppDelegate.swift */ = {isa = PBXFileReference; lastKnownFileType = sourcecode.swift; path = AppDelegate.swift; sourceTree = "<group>"; };
		D64A3B6E1CD1D9EB0096CF62 /* QuizViewController.swift */ = {isa = PBXFileReference; lastKnownFileType = sourcecode.swift; path = QuizViewController.swift; sourceTree = "<group>"; };
		D64A3B711CD1D9EB0096CF62 /* Base */ = {isa = PBXFileReference; lastKnownFileType = file.storyboard; name = Base; path = Base.lproj/Main.storyboard; sourceTree = "<group>"; };
		D64A3B741CD1D9EB0096CF62 /* GRE.xcdatamodel */ = {isa = PBXFileReference; lastKnownFileType = wrapper.xcdatamodel; path = GRE.xcdatamodel; sourceTree = "<group>"; };
		D64A3B761CD1D9EB0096CF62 /* Assets.xcassets */ = {isa = PBXFileReference; lastKnownFileType = folder.assetcatalog; path = Assets.xcassets; sourceTree = "<group>"; };
		D64A3B791CD1D9EB0096CF62 /* Base */ = {isa = PBXFileReference; lastKnownFileType = file.storyboard; name = Base; path = Base.lproj/LaunchScreen.storyboard; sourceTree = "<group>"; };
		D64A3B7B1CD1D9EB0096CF62 /* Info.plist */ = {isa = PBXFileReference; lastKnownFileType = text.plist.xml; path = Info.plist; sourceTree = "<group>"; };
		D64A3B801CD1D9EB0096CF62 /* GRETests.xctest */ = {isa = PBXFileReference; explicitFileType = wrapper.cfbundle; includeInIndex = 0; path = GRETests.xctest; sourceTree = BUILT_PRODUCTS_DIR; };
		D64A3B841CD1D9EB0096CF62 /* GRETests.swift */ = {isa = PBXFileReference; lastKnownFileType = sourcecode.swift; path = GRETests.swift; sourceTree = "<group>"; };
		D64A3B861CD1D9EB0096CF62 /* Info.plist */ = {isa = PBXFileReference; lastKnownFileType = text.plist.xml; path = Info.plist; sourceTree = "<group>"; };
		D64A3B8B1CD1D9EB0096CF62 /* GREUITests.xctest */ = {isa = PBXFileReference; explicitFileType = wrapper.cfbundle; includeInIndex = 0; path = GREUITests.xctest; sourceTree = BUILT_PRODUCTS_DIR; };
		D64A3B8F1CD1D9EB0096CF62 /* GREUITests.swift */ = {isa = PBXFileReference; lastKnownFileType = sourcecode.swift; path = GREUITests.swift; sourceTree = "<group>"; };
		D64A3B911CD1D9EB0096CF62 /* Info.plist */ = {isa = PBXFileReference; lastKnownFileType = text.plist.xml; path = Info.plist; sourceTree = "<group>"; };
		D6C0D5F01CD3A295008E0348 /* Model.swift */ = {isa = PBXFileReference; fileEncoding = 4; lastKnownFileType = sourcecode.swift; path = Model.swift; sourceTree = "<group>"; };
		D6C0D5F21CD45A76008E0348 /* Questions.txt */ = {isa = PBXFileReference; fileEncoding = 4; lastKnownFileType = text; path = Questions.txt; sourceTree = "<group>"; };
/* End PBXFileReference section */

/* Begin PBXFrameworksBuildPhase section */
		D64A3B661CD1D9EB0096CF62 /* Frameworks */ = {
			isa = PBXFrameworksBuildPhase;
			buildActionMask = 2147483647;
			files = (
			);
			runOnlyForDeploymentPostprocessing = 0;
		};
		D64A3B7D1CD1D9EB0096CF62 /* Frameworks */ = {
			isa = PBXFrameworksBuildPhase;
			buildActionMask = 2147483647;
			files = (
			);
			runOnlyForDeploymentPostprocessing = 0;
		};
		D64A3B881CD1D9EB0096CF62 /* Frameworks */ = {
			isa = PBXFrameworksBuildPhase;
			buildActionMask = 2147483647;
			files = (
			);
			runOnlyForDeploymentPostprocessing = 0;
		};
/* End PBXFrameworksBuildPhase section */

/* Begin PBXGroup section */
		D64A3B601CD1D9EA0096CF62 = {
			isa = PBXGroup;
			children = (
				D64A3B6B1CD1D9EB0096CF62 /* GRE */,
				D64A3B831CD1D9EB0096CF62 /* GRETests */,
				D64A3B8E1CD1D9EB0096CF62 /* GREUITests */,
				D64A3B6A1CD1D9EB0096CF62 /* Products */,
			);
			sourceTree = "<group>";
		};
		D64A3B6A1CD1D9EB0096CF62 /* Products */ = {
			isa = PBXGroup;
			children = (
				D64A3B691CD1D9EB0096CF62 /* GRE.app */,
				D64A3B801CD1D9EB0096CF62 /* GRETests.xctest */,
				D64A3B8B1CD1D9EB0096CF62 /* GREUITests.xctest */,
			);
			name = Products;
			sourceTree = "<group>";
		};
		D64A3B6B1CD1D9EB0096CF62 /* GRE */ = {
			isa = PBXGroup;
			children = (
				D6C0D5F21CD45A76008E0348 /* Questions.txt */,
				D64A3B6C1CD1D9EB0096CF62 /* AppDelegate.swift */,
				D64A3B6E1CD1D9EB0096CF62 /* QuizViewController.swift */,
				D623C9861CD53F66006FD3DC /* FlashCardViewController.swift */,
				D64A3B701CD1D9EB0096CF62 /* Main.storyboard */,
				D64A3B761CD1D9EB0096CF62 /* Assets.xcassets */,
				D64A3B781CD1D9EB0096CF62 /* LaunchScreen.storyboard */,
				D64A3B7B1CD1D9EB0096CF62 /* Info.plist */,
				D64A3B731CD1D9EB0096CF62 /* GRE.xcdatamodeld */,
				D60E53C51CD33C0600FE940E /* SettingsViewController.swift */,
				D6C0D5F01CD3A295008E0348 /* Model.swift */,
			);
			path = GRE;
			sourceTree = "<group>";
		};
		D64A3B831CD1D9EB0096CF62 /* GRETests */ = {
			isa = PBXGroup;
			children = (
				D64A3B841CD1D9EB0096CF62 /* GRETests.swift */,
				D64A3B861CD1D9EB0096CF62 /* Info.plist */,
			);
			path = GRETests;
			sourceTree = "<group>";
		};
		D64A3B8E1CD1D9EB0096CF62 /* GREUITests */ = {
			isa = PBXGroup;
			children = (
				D64A3B8F1CD1D9EB0096CF62 /* GREUITests.swift */,
				D64A3B911CD1D9EB0096CF62 /* Info.plist */,
			);
			path = GREUITests;
			sourceTree = "<group>";
		};
/* End PBXGroup section */

/* Begin PBXNativeTarget section */
		D64A3B681CD1D9EB0096CF62 /* GRE */ = {
			isa = PBXNativeTarget;
			buildConfigurationList = D64A3B941CD1D9EB0096CF62 /* Build configuration list for PBXNativeTarget "GRE" */;
			buildPhases = (
				D64A3B651CD1D9EB0096CF62 /* Sources */,
				D64A3B661CD1D9EB0096CF62 /* Frameworks */,
				D64A3B671CD1D9EB0096CF62 /* Resources */,
			);
			buildRules = (
			);
			dependencies = (
			);
			name = GRE;
			productName = GRE;
			productReference = D64A3B691CD1D9EB0096CF62 /* GRE.app */;
			productType = "com.apple.product-type.application";
		};
		D64A3B7F1CD1D9EB0096CF62 /* GRETests */ = {
			isa = PBXNativeTarget;
			buildConfigurationList = D64A3B971CD1D9EB0096CF62 /* Build configuration list for PBXNativeTarget "GRETests" */;
			buildPhases = (
				D64A3B7C1CD1D9EB0096CF62 /* Sources */,
				D64A3B7D1CD1D9EB0096CF62 /* Frameworks */,
				D64A3B7E1CD1D9EB0096CF62 /* Resources */,
			);
			buildRules = (
			);
			dependencies = (
				D64A3B821CD1D9EB0096CF62 /* PBXTargetDependency */,
			);
			name = GRETests;
			productName = GRETests;
			productReference = D64A3B801CD1D9EB0096CF62 /* GRETests.xctest */;
			productType = "com.apple.product-type.bundle.unit-test";
		};
		D64A3B8A1CD1D9EB0096CF62 /* GREUITests */ = {
			isa = PBXNativeTarget;
			buildConfigurationList = D64A3B9A1CD1D9EB0096CF62 /* Build configuration list for PBXNativeTarget "GREUITests" */;
			buildPhases = (
				D64A3B871CD1D9EB0096CF62 /* Sources */,
				D64A3B881CD1D9EB0096CF62 /* Frameworks */,
				D64A3B891CD1D9EB0096CF62 /* Resources */,
			);
			buildRules = (
			);
			dependencies = (
				D64A3B8D1CD1D9EB0096CF62 /* PBXTargetDependency */,
			);
			name = GREUITests;
			productName = GREUITests;
			productReference = D64A3B8B1CD1D9EB0096CF62 /* GREUITests.xctest */;
			productType = "com.apple.product-type.bundle.ui-testing";
		};
/* End PBXNativeTarget section */

/* Begin PBXProject section */
		D64A3B611CD1D9EA0096CF62 /* Project object */ = {
			isa = PBXProject;
			attributes = {
				LastSwiftUpdateCheck = 0730;
				LastUpgradeCheck = 0730;
				ORGANIZATIONNAME = UNO;
				TargetAttributes = {
					D64A3B681CD1D9EB0096CF62 = {
						CreatedOnToolsVersion = 7.3;
						DevelopmentTeam = X2R94H4U9J;
						LastSwiftMigration = 0800;
					};
					D64A3B7F1CD1D9EB0096CF62 = {
						CreatedOnToolsVersion = 7.3;
						LastSwiftMigration = 0800;
						TestTargetID = D64A3B681CD1D9EB0096CF62;
					};
					D64A3B8A1CD1D9EB0096CF62 = {
						CreatedOnToolsVersion = 7.3;
						LastSwiftMigration = 0800;
						TestTargetID = D64A3B681CD1D9EB0096CF62;
					};
				};
			};
			buildConfigurationList = D64A3B641CD1D9EA0096CF62 /* Build configuration list for PBXProject "GRE" */;
			compatibilityVersion = "Xcode 3.2";
			developmentRegion = English;
			hasScannedForEncodings = 0;
			knownRegions = (
				en,
				Base,
			);
			mainGroup = D64A3B601CD1D9EA0096CF62;
			productRefGroup = D64A3B6A1CD1D9EB0096CF62 /* Products */;
			projectDirPath = "";
			projectRoot = "";
			targets = (
				D64A3B681CD1D9EB0096CF62 /* GRE */,
				D64A3B7F1CD1D9EB0096CF62 /* GRETests */,
				D64A3B8A1CD1D9EB0096CF62 /* GREUITests */,
			);
		};
/* End PBXProject section */

/* Begin PBXResourcesBuildPhase section */
		D64A3B671CD1D9EB0096CF62 /* Resources */ = {
			isa = PBXResourcesBuildPhase;
			buildActionMask = 2147483647;
			files = (
				D64A3B7A1CD1D9EB0096CF62 /* LaunchScreen.storyboard in Resources */,
				D64A3B771CD1D9EB0096CF62 /* Assets.xcassets in Resources */,
				D6C0D5F31CD45A76008E0348 /* Questions.txt in Resources */,
				D64A3B721CD1D9EB0096CF62 /* Main.storyboard in Resources */,
			);
			runOnlyForDeploymentPostprocessing = 0;
		};
		D64A3B7E1CD1D9EB0096CF62 /* Resources */ = {
			isa = PBXResourcesBuildPhase;
			buildActionMask = 2147483647;
			files = (
			);
			runOnlyForDeploymentPostprocessing = 0;
		};
		D64A3B891CD1D9EB0096CF62 /* Resources */ = {
			isa = PBXResourcesBuildPhase;
			buildActionMask = 2147483647;
			files = (
			);
			runOnlyForDeploymentPostprocessing = 0;
		};
/* End PBXResourcesBuildPhase section */

/* Begin PBXSourcesBuildPhase section */
		D64A3B651CD1D9EB0096CF62 /* Sources */ = {
			isa = PBXSourcesBuildPhase;
			buildActionMask = 2147483647;
			files = (
				D6C0D5F11CD3A295008E0348 /* Model.swift in Sources */,
				D64A3B6F1CD1D9EB0096CF62 /* QuizViewController.swift in Sources */,
				D64A3B6D1CD1D9EB0096CF62 /* AppDelegate.swift in Sources */,
				D623C9871CD53F66006FD3DC /* FlashCardViewController.swift in Sources */,
				D64A3B751CD1D9EB0096CF62 /* GRE.xcdatamodeld in Sources */,
				D60E53C61CD33C0600FE940E /* SettingsViewController.swift in Sources */,
			);
			runOnlyForDeploymentPostprocessing = 0;
		};
		D64A3B7C1CD1D9EB0096CF62 /* Sources */ = {
			isa = PBXSourcesBuildPhase;
			buildActionMask = 2147483647;
			files = (
				D64A3B851CD1D9EB0096CF62 /* GRETests.swift in Sources */,
			);
			runOnlyForDeploymentPostprocessing = 0;
		};
		D64A3B871CD1D9EB0096CF62 /* Sources */ = {
			isa = PBXSourcesBuildPhase;
			buildActionMask = 2147483647;
			files = (
				D64A3B901CD1D9EB0096CF62 /* GREUITests.swift in Sources */,
			);
			runOnlyForDeploymentPostprocessing = 0;
		};
/* End PBXSourcesBuildPhase section */

/* Begin PBXTargetDependency section */
		D64A3B821CD1D9EB0096CF62 /* PBXTargetDependency */ = {
			isa = PBXTargetDependency;
			target = D64A3B681CD1D9EB0096CF62 /* GRE */;
			targetProxy = D64A3B811CD1D9EB0096CF62 /* PBXContainerItemProxy */;
		};
		D64A3B8D1CD1D9EB0096CF62 /* PBXTargetDependency */ = {
			isa = PBXTargetDependency;
			target = D64A3B681CD1D9EB0096CF62 /* GRE */;
			targetProxy = D64A3B8C1CD1D9EB0096CF62 /* PBXContainerItemProxy */;
		};
/* End PBXTargetDependency section */

/* Begin PBXVariantGroup section */
		D64A3B701CD1D9EB0096CF62 /* Main.storyboard */ = {
			isa = PBXVariantGroup;
			children = (
				D64A3B711CD1D9EB0096CF62 /* Base */,
			);
			name = Main.storyboard;
			sourceTree = "<group>";
		};
		D64A3B781CD1D9EB0096CF62 /* LaunchScreen.storyboard */ = {
			isa = PBXVariantGroup;
			children = (
				D64A3B791CD1D9EB0096CF62 /* Base */,
			);
			name = LaunchScreen.storyboard;
			sourceTree = "<group>";
		};
/* End PBXVariantGroup section */

/* Begin XCBuildConfiguration section */
		D64A3B921CD1D9EB0096CF62 /* Debug */ = {
			isa = XCBuildConfiguration;
			buildSettings = {
				ALWAYS_SEARCH_USER_PATHS = NO;
				CLANG_ANALYZER_NONNULL = YES;
				CLANG_CXX_LANGUAGE_STANDARD = "gnu++0x";
				CLANG_CXX_LIBRARY = "libc++";
				CLANG_ENABLE_MODULES = YES;
				CLANG_ENABLE_OBJC_ARC = YES;
				CLANG_WARN_BOOL_CONVERSION = YES;
				CLANG_WARN_CONSTANT_CONVERSION = YES;
				CLANG_WARN_DIRECT_OBJC_ISA_USAGE = YES_ERROR;
				CLANG_WARN_EMPTY_BODY = YES;
				CLANG_WARN_ENUM_CONVERSION = YES;
				CLANG_WARN_INT_CONVERSION = YES;
				CLANG_WARN_OBJC_ROOT_CLASS = YES_ERROR;
				CLANG_WARN_UNREACHABLE_CODE = YES;
				CLANG_WARN__DUPLICATE_METHOD_MATCH = YES;
				"CODE_SIGN_IDENTITY[sdk=iphoneos*]" = "iPhone Developer";
				COPY_PHASE_STRIP = NO;
				DEBUG_INFORMATION_FORMAT = dwarf;
				ENABLE_STRICT_OBJC_MSGSEND = YES;
				ENABLE_TESTABILITY = YES;
				GCC_C_LANGUAGE_STANDARD = gnu99;
				GCC_DYNAMIC_NO_PIC = NO;
				GCC_NO_COMMON_BLOCKS = YES;
				GCC_OPTIMIZATION_LEVEL = 0;
				GCC_PREPROCESSOR_DEFINITIONS = (
					"DEBUG=1",
					"$(inherited)",
				);
				GCC_WARN_64_TO_32_BIT_CONVERSION = YES;
				GCC_WARN_ABOUT_RETURN_TYPE = YES_ERROR;
				GCC_WARN_UNDECLARED_SELECTOR = YES;
				GCC_WARN_UNINITIALIZED_AUTOS = YES_AGGRESSIVE;
				GCC_WARN_UNUSED_FUNCTION = YES;
				GCC_WARN_UNUSED_VARIABLE = YES;
				IPHONEOS_DEPLOYMENT_TARGET = 9.3;
				MTL_ENABLE_DEBUG_INFO = YES;
				ONLY_ACTIVE_ARCH = YES;
				SDKROOT = iphoneos;
				SWIFT_OPTIMIZATION_LEVEL = "-Onone";
				TARGETED_DEVICE_FAMILY = "1,2";
			};
			name = Debug;
		};
		D64A3B931CD1D9EB0096CF62 /* Release */ = {
			isa = XCBuildConfiguration;
			buildSettings = {
				ALWAYS_SEARCH_USER_PATHS = NO;
				CLANG_ANALYZER_NONNULL = YES;
				CLANG_CXX_LANGUAGE_STANDARD = "gnu++0x";
				CLANG_CXX_LIBRARY = "libc++";
				CLANG_ENABLE_MODULES = YES;
				CLANG_ENABLE_OBJC_ARC = YES;
				CLANG_WARN_BOOL_CONVERSION = YES;
				CLANG_WARN_CONSTANT_CONVERSION = YES;
				CLANG_WARN_DIRECT_OBJC_ISA_USAGE = YES_ERROR;
				CLANG_WARN_EMPTY_BODY = YES;
				CLANG_WARN_ENUM_CONVERSION = YES;
				CLANG_WARN_INT_CONVERSION = YES;
				CLANG_WARN_OBJC_ROOT_CLASS = YES_ERROR;
				CLANG_WARN_UNREACHABLE_CODE = YES;
				CLANG_WARN__DUPLICATE_METHOD_MATCH = YES;
				"CODE_SIGN_IDENTITY[sdk=iphoneos*]" = "iPhone Developer";
				COPY_PHASE_STRIP = NO;
				DEBUG_INFORMATION_FORMAT = "dwarf-with-dsym";
				ENABLE_NS_ASSERTIONS = NO;
				ENABLE_STRICT_OBJC_MSGSEND = YES;
				GCC_C_LANGUAGE_STANDARD = gnu99;
				GCC_NO_COMMON_BLOCKS = YES;
				GCC_WARN_64_TO_32_BIT_CONVERSION = YES;
				GCC_WARN_ABOUT_RETURN_TYPE = YES_ERROR;
				GCC_WARN_UNDECLARED_SELECTOR = YES;
				GCC_WARN_UNINITIALIZED_AUTOS = YES_AGGRESSIVE;
				GCC_WARN_UNUSED_FUNCTION = YES;
				GCC_WARN_UNUSED_VARIABLE = YES;
				IPHONEOS_DEPLOYMENT_TARGET = 9.3;
				MTL_ENABLE_DEBUG_INFO = NO;
				SDKROOT = iphoneos;
				TARGETED_DEVICE_FAMILY = "1,2";
				VALIDATE_PRODUCT = YES;
			};
			name = Release;
		};
		D64A3B951CD1D9EB0096CF62 /* Debug */ = {
			isa = XCBuildConfiguration;
			buildSettings = {
				ASSETCATALOG_COMPILER_APPICON_NAME = AppIcon;
				CODE_SIGN_IDENTITY = "iPhone Developer";
				"CODE_SIGN_IDENTITY[sdk=iphoneos*]" = "iPhone Developer";
				INFOPLIST_FILE = GRE/Info.plist;
				LD_RUNPATH_SEARCH_PATHS = "$(inherited) @executable_path/Frameworks";
				PRODUCT_BUNDLE_IDENTIFIER = edu.cs.4661.GRE;
				PRODUCT_NAME = "$(TARGET_NAME)";
				PROVISIONING_PROFILE = "";
				SWIFT_VERSION = 3.0;
			};
			name = Debug;
		};
		D64A3B961CD1D9EB0096CF62 /* Release */ = {
			isa = XCBuildConfiguration;
			buildSettings = {
				ASSETCATALOG_COMPILER_APPICON_NAME = AppIcon;
				CODE_SIGN_IDENTITY = "iPhone Developer";
				"CODE_SIGN_IDENTITY[sdk=iphoneos*]" = "iPhone Developer";
				INFOPLIST_FILE = GRE/Info.plist;
				LD_RUNPATH_SEARCH_PATHS = "$(inherited) @executable_path/Frameworks";
				PRODUCT_BUNDLE_IDENTIFIER = edu.cs.4661.GRE;
				PRODUCT_NAME = "$(TARGET_NAME)";
				PROVISIONING_PROFILE = "";
				SWIFT_VERSION = 3.0;
			};
			name = Release;
		};
		D64A3B981CD1D9EB0096CF62 /* Debug */ = {
			isa = XCBuildConfiguration;
			buildSettings = {
				BUNDLE_LOADER = "$(TEST_HOST)";
				INFOPLIST_FILE = GRETests/Info.plist;
				LD_RUNPATH_SEARCH_PATHS = "$(inherited) @executable_path/Frameworks @loader_path/Frameworks";
				PRODUCT_BUNDLE_IDENTIFIER = edu.cs.4661.GRETests;
				PRODUCT_NAME = "$(TARGET_NAME)";
				SWIFT_VERSION = 3.0;
				TEST_HOST = "$(BUILT_PRODUCTS_DIR)/GRE.app/GRE";
			};
			name = Debug;
		};
		D64A3B991CD1D9EB0096CF62 /* Release */ = {
			isa = XCBuildConfiguration;
			buildSettings = {
				BUNDLE_LOADER = "$(TEST_HOST)";
				INFOPLIST_FILE = GRETests/Info.plist;
				LD_RUNPATH_SEARCH_PATHS = "$(inherited) @executable_path/Frameworks @loader_path/Frameworks";
				PRODUCT_BUNDLE_IDENTIFIER = edu.cs.4661.GRETests;
				PRODUCT_NAME = "$(TARGET_NAME)";
				SWIFT_VERSION = 3.0;
				TEST_HOST = "$(BUILT_PRODUCTS_DIR)/GRE.app/GRE";
			};
			name = Release;
		};
		D64A3B9B1CD1D9EB0096CF62 /* Debug */ = {
			isa = XCBuildConfiguration;
			buildSettings = {
				INFOPLIST_FILE = GREUITests/Info.plist;
				LD_RUNPATH_SEARCH_PATHS = "$(inherited) @executable_path/Frameworks @loader_path/Frameworks";
				PRODUCT_BUNDLE_IDENTIFIER = edu.cs.4661.GREUITests;
				PRODUCT_NAME = "$(TARGET_NAME)";
				SWIFT_VERSION = 3.0;
				TEST_TARGET_NAME = GRE;
			};
			name = Debug;
		};
		D64A3B9C1CD1D9EB0096CF62 /* Release */ = {
			isa = XCBuildConfiguration;
			buildSettings = {
				INFOPLIST_FILE = GREUITests/Info.plist;
				LD_RUNPATH_SEARCH_PATHS = "$(inherited) @executable_path/Frameworks @loader_path/Frameworks";
				PRODUCT_BUNDLE_IDENTIFIER = edu.cs.4661.GREUITests;
				PRODUCT_NAME = "$(TARGET_NAME)";
				SWIFT_VERSION = 3.0;
				TEST_TARGET_NAME = GRE;
			};
			name = Release;
		};
/* End XCBuildConfiguration section */

/* Begin XCConfigurationList section */
		D64A3B641CD1D9EA0096CF62 /* Build configuration list for PBXProject "GRE" */ = {
			isa = XCConfigurationList;
			buildConfigurations = (
				D64A3B921CD1D9EB0096CF62 /* Debug */,
				D64A3B931CD1D9EB0096CF62 /* Release */,
			);
			defaultConfigurationIsVisible = 0;
			defaultConfigurationName = Release;
		};
		D64A3B941CD1D9EB0096CF62 /* Build configuration list for PBXNativeTarget "GRE" */ = {
			isa = XCConfigurationList;
			buildConfigurations = (
				D64A3B951CD1D9EB0096CF62 /* Debug */,
				D64A3B961CD1D9EB0096CF62 /* Release */,
			);
			defaultConfigurationIsVisible = 0;
			defaultConfigurationName = Release;
		};
		D64A3B971CD1D9EB0096CF62 /* Build configuration list for PBXNativeTarget "GRETests" */ = {
			isa = XCConfigurationList;
			buildConfigurations = (
				D64A3B981CD1D9EB0096CF62 /* Debug */,
				D64A3B991CD1D9EB0096CF62 /* Release */,
			);
			defaultConfigurationIsVisible = 0;
			defaultConfigurationName = Release;
		};
		D64A3B9A1CD1D9EB0096CF62 /* Build configuration list for PBXNativeTarget "GREUITests" */ = {
			isa = XCConfigurationList;
			buildConfigurations = (
				D64A3B9B1CD1D9EB0096CF62 /* Debug */,
				D64A3B9C1CD1D9EB0096CF62 /* Release */,
			);
			defaultConfigurationIsVisible = 0;
			defaultConfigurationName = Release;
		};
/* End XCConfigurationList section */

/* Begin XCVersionGroup section */
		D64A3B731CD1D9EB0096CF62 /* GRE.xcdatamodeld */ = {
			isa = XCVersionGroup;
			children = (
				D64A3B741CD1D9EB0096CF62 /* GRE.xcdatamodel */,
			);
			currentVersion = D64A3B741CD1D9EB0096CF62 /* GRE.xcdatamodel */;
			path = GRE.xcdatamodeld;
			sourceTree = "<group>";
			versionGroupType = wrapper.xcdatamodel;
		};
/* End XCVersionGroup section */
	};
	rootObject = D64A3B611CD1D9EA0096CF62 /* Project object */;
}
